// !$*UTF8*$!
{
	archiveVersion = 1;
	classes = {
	};
	objectVersion = 50;
	objects = {

/* Begin PBXBuildFile section */
		ACBDCAA92174C7C3003FAD3D /* AppDelegate.swift in Sources */ = {isa = PBXBuildFile; fileRef = ACBDCAA82174C7C3003FAD3D /* AppDelegate.swift */; };
		ACBDCAAB2174C7C3003FAD3D /* ViewController.swift in Sources */ = {isa = PBXBuildFile; fileRef = ACBDCAAA2174C7C3003FAD3D /* ViewController.swift */; };
		ACBDCAAE2174C7C3003FAD3D /* Main.storyboard in Resources */ = {isa = PBXBuildFile; fileRef = ACBDCAAC2174C7C3003FAD3D /* Main.storyboard */; };
		ACBDCAB02174C7C5003FAD3D /* Assets.xcassets in Resources */ = {isa = PBXBuildFile; fileRef = ACBDCAAF2174C7C5003FAD3D /* Assets.xcassets */; };
		ACBDCAB32174C7C5003FAD3D /* LaunchScreen.storyboard in Resources */ = {isa = PBXBuildFile; fileRef = ACBDCAB12174C7C5003FAD3D /* LaunchScreen.storyboard */; };
		ACBDCABE2174C7C5003FAD3D /* project_15_10Tests.swift in Sources */ = {isa = PBXBuildFile; fileRef = ACBDCABD2174C7C5003FAD3D /* project_15_10Tests.swift */; };
		ACBDCAC92174C7C5003FAD3D /* project_15_10UITests.swift in Sources */ = {isa = PBXBuildFile; fileRef = ACBDCAC82174C7C5003FAD3D /* project_15_10UITests.swift */; };
/* End PBXBuildFile section */

/* Begin PBXContainerItemProxy section */
		ACBDCABA2174C7C5003FAD3D /* PBXContainerItemProxy */ = {
			isa = PBXContainerItemProxy;
			containerPortal = ACBDCA9D2174C7C3003FAD3D /* Project object */;
			proxyType = 1;
			remoteGlobalIDString = ACBDCAA42174C7C3003FAD3D;
			remoteInfo = "project 15.10";
		};
		ACBDCAC52174C7C5003FAD3D /* PBXContainerItemProxy */ = {
			isa = PBXContainerItemProxy;
			containerPortal = ACBDCA9D2174C7C3003FAD3D /* Project object */;
			proxyType = 1;
			remoteGlobalIDString = ACBDCAA42174C7C3003FAD3D;
			remoteInfo = "project 15.10";
		};
/* End PBXContainerItemProxy section */

/* Begin PBXFileReference section */
		ACBDCAA52174C7C3003FAD3D /* project 15.10.app */ = {isa = PBXFileReference; explicitFileType = wrapper.application; includeInIndex = 0; path = "project 15.10.app"; sourceTree = BUILT_PRODUCTS_DIR; };
		ACBDCAA82174C7C3003FAD3D /* AppDelegate.swift */ = {isa = PBXFileReference; lastKnownFileType = sourcecode.swift; path = AppDelegate.swift; sourceTree = "<group>"; };
		ACBDCAAA2174C7C3003FAD3D /* ViewController.swift */ = {isa = PBXFileReference; lastKnownFileType = sourcecode.swift; path = ViewController.swift; sourceTree = "<group>"; };
		ACBDCAAD2174C7C3003FAD3D /* Base */ = {isa = PBXFileReference; lastKnownFileType = file.storyboard; name = Base; path = Base.lproj/Main.storyboard; sourceTree = "<group>"; };
		ACBDCAAF2174C7C5003FAD3D /* Assets.xcassets */ = {isa = PBXFileReference; lastKnownFileType = folder.assetcatalog; path = Assets.xcassets; sourceTree = "<group>"; };
		ACBDCAB22174C7C5003FAD3D /* Base */ = {isa = PBXFileReference; lastKnownFileType = file.storyboard; name = Base; path = Base.lproj/LaunchScreen.storyboard; sourceTree = "<group>"; };
		ACBDCAB42174C7C5003FAD3D /* Info.plist */ = {isa = PBXFileReference; lastKnownFileType = text.plist.xml; path = Info.plist; sourceTree = "<group>"; };
		ACBDCAB92174C7C5003FAD3D /* project 15.10Tests.xctest */ = {isa = PBXFileReference; explicitFileType = wrapper.cfbundle; includeInIndex = 0; path = "project 15.10Tests.xctest"; sourceTree = BUILT_PRODUCTS_DIR; };
		ACBDCABD2174C7C5003FAD3D /* project_15_10Tests.swift */ = {isa = PBXFileReference; lastKnownFileType = sourcecode.swift; path = project_15_10Tests.swift; sourceTree = "<group>"; };
		ACBDCABF2174C7C5003FAD3D /* Info.plist */ = {isa = PBXFileReference; lastKnownFileType = text.plist.xml; path = Info.plist; sourceTree = "<group>"; };
		ACBDCAC42174C7C5003FAD3D /* project 15.10UITests.xctest */ = {isa = PBXFileReference; explicitFileType = wrapper.cfbundle; includeInIndex = 0; path = "project 15.10UITests.xctest"; sourceTree = BUILT_PRODUCTS_DIR; };
		ACBDCAC82174C7C5003FAD3D /* project_15_10UITests.swift */ = {isa = PBXFileReference; lastKnownFileType = sourcecode.swift; path = project_15_10UITests.swift; sourceTree = "<group>"; };
		ACBDCACA2174C7C5003FAD3D /* Info.plist */ = {isa = PBXFileReference; lastKnownFileType = text.plist.xml; path = Info.plist; sourceTree = "<group>"; };
/* End PBXFileReference section */

/* Begin PBXFrameworksBuildPhase section */
		ACBDCAA22174C7C3003FAD3D /* Frameworks */ = {
			isa = PBXFrameworksBuildPhase;
			buildActionMask = 2147483647;
			files = (
			);
			runOnlyForDeploymentPostprocessing = 0;
		};
		ACBDCAB62174C7C5003FAD3D /* Frameworks */ = {
			isa = PBXFrameworksBuildPhase;
			buildActionMask = 2147483647;
			files = (
			);
			runOnlyForDeploymentPostprocessing = 0;
		};
		ACBDCAC12174C7C5003FAD3D /* Frameworks */ = {
			isa = PBXFrameworksBuildPhase;
			buildActionMask = 2147483647;
			files = (
			);
			runOnlyForDeploymentPostprocessing = 0;
		};
/* End PBXFrameworksBuildPhase section */

/* Begin PBXGroup section */
		ACBDCA9C2174C7C3003FAD3D = {
			isa = PBXGroup;
			children = (
				ACBDCAA72174C7C3003FAD3D /* project 15.10 */,
				ACBDCABC2174C7C5003FAD3D /* project 15.10Tests */,
				ACBDCAC72174C7C5003FAD3D /* project 15.10UITests */,
				ACBDCAA62174C7C3003FAD3D /* Products */,
			);
			sourceTree = "<group>";
		};
		ACBDCAA62174C7C3003FAD3D /* Products */ = {
			isa = PBXGroup;
			children = (
				ACBDCAA52174C7C3003FAD3D /* project 15.10.app */,
				ACBDCAB92174C7C5003FAD3D /* project 15.10Tests.xctest */,
				ACBDCAC42174C7C5003FAD3D /* project 15.10UITests.xctest */,
			);
			name = Products;
			sourceTree = "<group>";
		};
		ACBDCAA72174C7C3003FAD3D /* project 15.10 */ = {
			isa = PBXGroup;
			children = (
				ACBDCAA82174C7C3003FAD3D /* AppDelegate.swift */,
				ACBDCAAA2174C7C3003FAD3D /* ViewController.swift */,
				ACBDCAAC2174C7C3003FAD3D /* Main.storyboard */,
				ACBDCAAF2174C7C5003FAD3D /* Assets.xcassets */,
				ACBDCAB12174C7C5003FAD3D /* LaunchScreen.storyboard */,
				ACBDCAB42174C7C5003FAD3D /* Info.plist */,
			);
			path = "project 15.10";
			sourceTree = "<group>";
		};
		ACBDCABC2174C7C5003FAD3D /* project 15.10Tests */ = {
			isa = PBXGroup;
			children = (
				ACBDCABD2174C7C5003FAD3D /* project_15_10Tests.swift */,
				ACBDCABF2174C7C5003FAD3D /* Info.plist */,
			);
			path = "project 15.10Tests";
			sourceTree = "<group>";
		};
		ACBDCAC72174C7C5003FAD3D /* project 15.10UITests */ = {
			isa = PBXGroup;
			children = (
				ACBDCAC82174C7C5003FAD3D /* project_15_10UITests.swift */,
				ACBDCACA2174C7C5003FAD3D /* Info.plist */,
			);
			path = "project 15.10UITests";
			sourceTree = "<group>";
		};
/* End PBXGroup section */

/* Begin PBXNativeTarget section */
		ACBDCAA42174C7C3003FAD3D /* project 15.10 */ = {
			isa = PBXNativeTarget;
			buildConfigurationList = ACBDCACD2174C7C5003FAD3D /* Build configuration list for PBXNativeTarget "project 15.10" */;
			buildPhases = (
				ACBDCAA12174C7C3003FAD3D /* Sources */,
				ACBDCAA22174C7C3003FAD3D /* Frameworks */,
				ACBDCAA32174C7C3003FAD3D /* Resources */,
			);
			buildRules = (
			);
			dependencies = (
			);
			name = "project 15.10";
			productName = "project 15.10";
			productReference = ACBDCAA52174C7C3003FAD3D /* project 15.10.app */;
			productType = "com.apple.product-type.application";
		};
		ACBDCAB82174C7C5003FAD3D /* project 15.10Tests */ = {
			isa = PBXNativeTarget;
			buildConfigurationList = ACBDCAD02174C7C5003FAD3D /* Build configuration list for PBXNativeTarget "project 15.10Tests" */;
			buildPhases = (
				ACBDCAB52174C7C5003FAD3D /* Sources */,
				ACBDCAB62174C7C5003FAD3D /* Frameworks */,
				ACBDCAB72174C7C5003FAD3D /* Resources */,
			);
			buildRules = (
			);
			dependencies = (
				ACBDCABB2174C7C5003FAD3D /* PBXTargetDependency */,
			);
			name = "project 15.10Tests";
			productName = "project 15.10Tests";
			productReference = ACBDCAB92174C7C5003FAD3D /* project 15.10Tests.xctest */;
			productType = "com.apple.product-type.bundle.unit-test";
		};
		ACBDCAC32174C7C5003FAD3D /* project 15.10UITests */ = {
			isa = PBXNativeTarget;
			buildConfigurationList = ACBDCAD32174C7C5003FAD3D /* Build configuration list for PBXNativeTarget "project 15.10UITests" */;
			buildPhases = (
				ACBDCAC02174C7C5003FAD3D /* Sources */,
				ACBDCAC12174C7C5003FAD3D /* Frameworks */,
				ACBDCAC22174C7C5003FAD3D /* Resources */,
			);
			buildRules = (
			);
			dependencies = (
				ACBDCAC62174C7C5003FAD3D /* PBXTargetDependency */,
			);
			name = "project 15.10UITests";
			productName = "project 15.10UITests";
			productReference = ACBDCAC42174C7C5003FAD3D /* project 15.10UITests.xctest */;
			productType = "com.apple.product-type.bundle.ui-testing";
		};
/* End PBXNativeTarget section */

/* Begin PBXProject section */
		ACBDCA9D2174C7C3003FAD3D /* Project object */ = {
			isa = PBXProject;
			attributes = {
				LastSwiftUpdateCheck = 1000;
				LastUpgradeCheck = 1000;
				ORGANIZATIONNAME = "Гость";
				TargetAttributes = {
					ACBDCAA42174C7C3003FAD3D = {
						CreatedOnToolsVersion = 10.0;
					};
					ACBDCAB82174C7C5003FAD3D = {
						CreatedOnToolsVersion = 10.0;
						TestTargetID = ACBDCAA42174C7C3003FAD3D;
					};
					ACBDCAC32174C7C5003FAD3D = {
						CreatedOnToolsVersion = 10.0;
						TestTargetID = ACBDCAA42174C7C3003FAD3D;
					};
				};
			};
			buildConfigurationList = ACBDCAA02174C7C3003FAD3D /* Build configuration list for PBXProject "project 15.10" */;
			compatibilityVersion = "Xcode 9.3";
			developmentRegion = en;
			hasScannedForEncodings = 0;
			knownRegions = (
				en,
				Base,
			);
			mainGroup = ACBDCA9C2174C7C3003FAD3D;
			productRefGroup = ACBDCAA62174C7C3003FAD3D /* Products */;
			projectDirPath = "";
			projectRoot = "";
			targets = (
				ACBDCAA42174C7C3003FAD3D /* project 15.10 */,
				ACBDCAB82174C7C5003FAD3D /* project 15.10Tests */,
				ACBDCAC32174C7C5003FAD3D /* project 15.10UITests */,
			);
		};
/* End PBXProject section */

/* Begin PBXResourcesBuildPhase section */
		ACBDCAA32174C7C3003FAD3D /* Resources */ = {
			isa = PBXResourcesBuildPhase;
			buildActionMask = 2147483647;
			files = (
				ACBDCAB32174C7C5003FAD3D /* LaunchScreen.storyboard in Resources */,
				ACBDCAB02174C7C5003FAD3D /* Assets.xcassets in Resources */,
				ACBDCAAE2174C7C3003FAD3D /* Main.storyboard in Resources */,
			);
			runOnlyForDeploymentPostprocessing = 0;
		};
		ACBDCAB72174C7C5003FAD3D /* Resources */ = {
			isa = PBXResourcesBuildPhase;
			buildActionMask = 2147483647;
			files = (
			);
			runOnlyForDeploymentPostprocessing = 0;
		};
		ACBDCAC22174C7C5003FAD3D /* Resources */ = {
			isa = PBXResourcesBuildPhase;
			buildActionMask = 2147483647;
			files = (
			);
			runOnlyForDeploymentPostprocessing = 0;
		};
/* End PBXResourcesBuildPhase section */

/* Begin PBXSourcesBuildPhase section */
		ACBDCAA12174C7C3003FAD3D /* Sources */ = {
			isa = PBXSourcesBuildPhase;
			buildActionMask = 2147483647;
			files = (
				ACBDCAAB2174C7C3003FAD3D /* ViewController.swift in Sources */,
				ACBDCAA92174C7C3003FAD3D /* AppDelegate.swift in Sources */,
			);
			runOnlyForDeploymentPostprocessing = 0;
		};
		ACBDCAB52174C7C5003FAD3D /* Sources */ = {
			isa = PBXSourcesBuildPhase;
			buildActionMask = 2147483647;
			files = (
				ACBDCABE2174C7C5003FAD3D /* project_15_10Tests.swift in Sources */,
			);
			runOnlyForDeploymentPostprocessing = 0;
		};
		ACBDCAC02174C7C5003FAD3D /* Sources */ = {
			isa = PBXSourcesBuildPhase;
			buildActionMask = 2147483647;
			files = (
				ACBDCAC92174C7C5003FAD3D /* project_15_10UITests.swift in Sources */,
			);
			runOnlyForDeploymentPostprocessing = 0;
		};
/* End PBXSourcesBuildPhase section */

/* Begin PBXTargetDependency section */
		ACBDCABB2174C7C5003FAD3D /* PBXTargetDependency */ = {
			isa = PBXTargetDependency;
			target = ACBDCAA42174C7C3003FAD3D /* project 15.10 */;
			targetProxy = ACBDCABA2174C7C5003FAD3D /* PBXContainerItemProxy */;
		};
		ACBDCAC62174C7C5003FAD3D /* PBXTargetDependency */ = {
			isa = PBXTargetDependency;
			target = ACBDCAA42174C7C3003FAD3D /* project 15.10 */;
			targetProxy = ACBDCAC52174C7C5003FAD3D /* PBXContainerItemProxy */;
		};
/* End PBXTargetDependency section */

/* Begin PBXVariantGroup section */
		ACBDCAAC2174C7C3003FAD3D /* Main.storyboard */ = {
			isa = PBXVariantGroup;
			children = (
				ACBDCAAD2174C7C3003FAD3D /* Base */,
			);
			name = Main.storyboard;
			sourceTree = "<group>";
		};
		ACBDCAB12174C7C5003FAD3D /* LaunchScreen.storyboard */ = {
			isa = PBXVariantGroup;
			children = (
				ACBDCAB22174C7C5003FAD3D /* Base */,
			);
			name = LaunchScreen.storyboard;
			sourceTree = "<group>";
		};
/* End PBXVariantGroup section */

/* Begin XCBuildConfiguration section */
		ACBDCACB2174C7C5003FAD3D /* Debug */ = {
			isa = XCBuildConfiguration;
			buildSettings = {
				ALWAYS_SEARCH_USER_PATHS = NO;
				CLANG_ANALYZER_NONNULL = YES;
				CLANG_ANALYZER_NUMBER_OBJECT_CONVERSION = YES_AGGRESSIVE;
				CLANG_CXX_LANGUAGE_STANDARD = "gnu++14";
				CLANG_CXX_LIBRARY = "libc++";
				CLANG_ENABLE_MODULES = YES;
				CLANG_ENABLE_OBJC_ARC = YES;
				CLANG_ENABLE_OBJC_WEAK = YES;
				CLANG_WARN_BLOCK_CAPTURE_AUTORELEASING = YES;
				CLANG_WARN_BOOL_CONVERSION = YES;
				CLANG_WARN_COMMA = YES;
				CLANG_WARN_CONSTANT_CONVERSION = YES;
				CLANG_WARN_DEPRECATED_OBJC_IMPLEMENTATIONS = YES;
				CLANG_WARN_DIRECT_OBJC_ISA_USAGE = YES_ERROR;
				CLANG_WARN_DOCUMENTATION_COMMENTS = YES;
				CLANG_WARN_EMPTY_BODY = YES;
				CLANG_WARN_ENUM_CONVERSION = YES;
				CLANG_WARN_INFINITE_RECURSION = YES;
				CLANG_WARN_INT_CONVERSION = YES;
				CLANG_WARN_NON_LITERAL_NULL_CONVERSION = YES;
				CLANG_WARN_OBJC_IMPLICIT_RETAIN_SELF = YES;
				CLANG_WARN_OBJC_LITERAL_CONVERSION = YES;
				CLANG_WARN_OBJC_ROOT_CLASS = YES_ERROR;
				CLANG_WARN_RANGE_LOOP_ANALYSIS = YES;
				CLANG_WARN_STRICT_PROTOTYPES = YES;
				CLANG_WARN_SUSPICIOUS_MOVE = YES;
				CLANG_WARN_UNGUARDED_AVAILABILITY = YES_AGGRESSIVE;
				CLANG_WARN_UNREACHABLE_CODE = YES;
				CLANG_WARN__DUPLICATE_METHOD_MATCH = YES;
				CODE_SIGN_IDENTITY = "iPhone Developer";
				COPY_PHASE_STRIP = NO;
				DEBUG_INFORMATION_FORMAT = dwarf;
				ENABLE_STRICT_OBJC_MSGSEND = YES;
				ENABLE_TESTABILITY = YES;
				GCC_C_LANGUAGE_STANDARD = gnu11;
				GCC_DYNAMIC_NO_PIC = NO;
				GCC_NO_COMMON_BLOCKS = YES;
				GCC_OPTIMIZATION_LEVEL = 0;
				GCC_PREPROCESSOR_DEFINITIONS = (
					"DEBUG=1",
					"$(inherited)",
				);
				GCC_WARN_64_TO_32_BIT_CONVERSION = YES;
				GCC_WARN_ABOUT_RETURN_TYPE = YES_ERROR;
				GCC_WARN_UNDECLARED_SELECTOR = YES;
				GCC_WARN_UNINITIALIZED_AUTOS = YES_AGGRESSIVE;
				GCC_WARN_UNUSED_FUNCTION = YES;
				GCC_WARN_UNUSED_VARIABLE = YES;
				IPHONEOS_DEPLOYMENT_TARGET = 12.0;
				MTL_ENABLE_DEBUG_INFO = INCLUDE_SOURCE;
				MTL_FAST_MATH = YES;
				ONLY_ACTIVE_ARCH = YES;
				SDKROOT = iphoneos;
				SWIFT_ACTIVE_COMPILATION_CONDITIONS = DEBUG;
				SWIFT_OPTIMIZATION_LEVEL = "-Onone";
			};
			name = Debug;
		};
		ACBDCACC2174C7C5003FAD3D /* Release */ = {
			isa = XCBuildConfiguration;
			buildSettings = {
				ALWAYS_SEARCH_USER_PATHS = NO;
				CLANG_ANALYZER_NONNULL = YES;
				CLANG_ANALYZER_NUMBER_OBJECT_CONVERSION = YES_AGGRESSIVE;
				CLANG_CXX_LANGUAGE_STANDARD = "gnu++14";
				CLANG_CXX_LIBRARY = "libc++";
				CLANG_ENABLE_MODULES = YES;
				CLANG_ENABLE_OBJC_ARC = YES;
				CLANG_ENABLE_OBJC_WEAK = YES;
				CLANG_WARN_BLOCK_CAPTURE_AUTORELEASING = YES;
				CLANG_WARN_BOOL_CONVERSION = YES;
				CLANG_WARN_COMMA = YES;
				CLANG_WARN_CONSTANT_CONVERSION = YES;
				CLANG_WARN_DEPRECATED_OBJC_IMPLEMENTATIONS = YES;
				CLANG_WARN_DIRECT_OBJC_ISA_USAGE = YES_ERROR;
				CLANG_WARN_DOCUMENTATION_COMMENTS = YES;
				CLANG_WARN_EMPTY_BODY = YES;
				CLANG_WARN_ENUM_CONVERSION = YES;
				CLANG_WARN_INFINITE_RECURSION = YES;
				CLANG_WARN_INT_CONVERSION = YES;
				CLANG_WARN_NON_LITERAL_NULL_CONVERSION = YES;
				CLANG_WARN_OBJC_IMPLICIT_RETAIN_SELF = YES;
				CLANG_WARN_OBJC_LITERAL_CONVERSION = YES;
				CLANG_WARN_OBJC_ROOT_CLASS = YES_ERROR;
				CLANG_WARN_RANGE_LOOP_ANALYSIS = YES;
				CLANG_WARN_STRICT_PROTOTYPES = YES;
				CLANG_WARN_SUSPICIOUS_MOVE = YES;
				CLANG_WARN_UNGUARDED_AVAILABILITY = YES_AGGRESSIVE;
				CLANG_WARN_UNREACHABLE_CODE = YES;
				CLANG_WARN__DUPLICATE_METHOD_MATCH = YES;
				CODE_SIGN_IDENTITY = "iPhone Developer";
				COPY_PHASE_STRIP = NO;
				DEBUG_INFORMATION_FORMAT = "dwarf-with-dsym";
				ENABLE_NS_ASSERTIONS = NO;
				ENABLE_STRICT_OBJC_MSGSEND = YES;
				GCC_C_LANGUAGE_STANDARD = gnu11;
				GCC_NO_COMMON_BLOCKS = YES;
				GCC_WARN_64_TO_32_BIT_CONVERSION = YES;
				GCC_WARN_ABOUT_RETURN_TYPE = YES_ERROR;
				GCC_WARN_UNDECLARED_SELECTOR = YES;
				GCC_WARN_UNINITIALIZED_AUTOS = YES_AGGRESSIVE;
				GCC_WARN_UNUSED_FUNCTION = YES;
				GCC_WARN_UNUSED_VARIABLE = YES;
				IPHONEOS_DEPLOYMENT_TARGET = 12.0;
				MTL_ENABLE_DEBUG_INFO = NO;
				MTL_FAST_MATH = YES;
				SDKROOT = iphoneos;
				SWIFT_COMPILATION_MODE = wholemodule;
				SWIFT_OPTIMIZATION_LEVEL = "-O";
				VALIDATE_PRODUCT = YES;
			};
			name = Release;
		};
		ACBDCACE2174C7C5003FAD3D /* Debug */ = {
			isa = XCBuildConfiguration;
			buildSettings = {
				ASSETCATALOG_COMPILER_APPICON_NAME = AppIcon;
				CODE_SIGN_STYLE = Automatic;
				INFOPLIST_FILE = "project 15.10/Info.plist";
				LD_RUNPATH_SEARCH_PATHS = (
					"$(inherited)",
					"@executable_path/Frameworks",
				);
				PRODUCT_BUNDLE_IDENTIFIER = "horoschool.project-15-10";
				PRODUCT_NAME = "$(TARGET_NAME)";
				SWIFT_VERSION = 4.2;
				TARGETED_DEVICE_FAMILY = "1,2";
			};
			name = Debug;
		};
		ACBDCACF2174C7C5003FAD3D /* Release */ = {
			isa = XCBuildConfiguration;
			buildSettings = {
				ASSETCATALOG_COMPILER_APPICON_NAME = AppIcon;
				CODE_SIGN_STYLE = Automatic;
				INFOPLIST_FILE = "project 15.10/Info.plist";
				LD_RUNPATH_SEARCH_PATHS = (
					"$(inherited)",
					"@executable_path/Frameworks",
				);
				PRODUCT_BUNDLE_IDENTIFIER = "horoschool.project-15-10";
				PRODUCT_NAME = "$(TARGET_NAME)";
				SWIFT_VERSION = 4.2;
				TARGETED_DEVICE_FAMILY = "1,2";
			};
			name = Release;
		};
		ACBDCAD12174C7C5003FAD3D /* Debug */ = {
			isa = XCBuildConfiguration;
			buildSettings = {
				ALWAYS_EMBED_SWIFT_STANDARD_LIBRARIES = YES;
				BUNDLE_LOADER = "$(TEST_HOST)";
				CODE_SIGN_STYLE = Automatic;
				INFOPLIST_FILE = "project 15.10Tests/Info.plist";
				LD_RUNPATH_SEARCH_PATHS = (
					"$(inherited)",
					"@executable_path/Frameworks",
					"@loader_path/Frameworks",
				);
				PRODUCT_BUNDLE_IDENTIFIER = "horoschool.project-15-10Tests";
				PRODUCT_NAME = "$(TARGET_NAME)";
				SWIFT_VERSION = 4.2;
				TARGETED_DEVICE_FAMILY = "1,2";
				TEST_HOST = "$(BUILT_PRODUCTS_DIR)/project 15.10.app/project 15.10";
			};
			name = Debug;
		};
		ACBDCAD22174C7C5003FAD3D /* Release */ = {
			isa = XCBuildConfiguration;
			buildSettings = {
				ALWAYS_EMBED_SWIFT_STANDARD_LIBRARIES = YES;
				BUNDLE_LOADER = "$(TEST_HOST)";
				CODE_SIGN_STYLE = Automatic;
				INFOPLIST_FILE = "project 15.10Tests/Info.plist";
				LD_RUNPATH_SEARCH_PATHS = (
					"$(inherited)",
					"@executable_path/Frameworks",
					"@loader_path/Frameworks",
				);
				PRODUCT_BUNDLE_IDENTIFIER = "horoschool.project-15-10Tests";
				PRODUCT_NAME = "$(TARGET_NAME)";
				SWIFT_VERSION = 4.2;
				TARGETED_DEVICE_FAMILY = "1,2";
				TEST_HOST = "$(BUILT_PRODUCTS_DIR)/project 15.10.app/project 15.10";
			};
			name = Release;
		};
		ACBDCAD42174C7C5003FAD3D /* Debug */ = {
			isa = XCBuildConfiguration;
			buildSettings = {
				ALWAYS_EMBED_SWIFT_STANDARD_LIBRARIES = YES;
				CODE_SIGN_STYLE = Automatic;
				INFOPLIST_FILE = "project 15.10UITests/Info.plist";
				LD_RUNPATH_SEARCH_PATHS = (
					"$(inherited)",
					"@executable_path/Frameworks",
					"@loader_path/Frameworks",
				);
				PRODUCT_BUNDLE_IDENTIFIER = "horoschool.project-15-10UITests";
				PRODUCT_NAME = "$(TARGET_NAME)";
				SWIFT_VERSION = 4.2;
				TARGETED_DEVICE_FAMILY = "1,2";
				TEST_TARGET_NAME = "project 15.10";
			};
			name = Debug;
		};
		ACBDCAD52174C7C5003FAD3D /* Release */ = {
			isa = XCBuildConfiguration;
			buildSettings = {
				ALWAYS_EMBED_SWIFT_STANDARD_LIBRARIES = YES;
				CODE_SIGN_STYLE = Automatic;
				INFOPLIST_FILE = "project 15.10UITests/Info.plist";
				LD_RUNPATH_SEARCH_PATHS = (
					"$(inherited)",
					"@executable_path/Frameworks",
					"@loader_path/Frameworks",
				);
				PRODUCT_BUNDLE_IDENTIFIER = "horoschool.project-15-10UITests";
				PRODUCT_NAME = "$(TARGET_NAME)";
				SWIFT_VERSION = 4.2;
				TARGETED_DEVICE_FAMILY = "1,2";
				TEST_TARGET_NAME = "project 15.10";
			};
			name = Release;
		};
/* End XCBuildConfiguration section */

/* Begin XCConfigurationList section */
		ACBDCAA02174C7C3003FAD3D /* Build configuration list for PBXProject "project 15.10" */ = {
			isa = XCConfigurationList;
			buildConfigurations = (
				ACBDCACB2174C7C5003FAD3D /* Debug */,
				ACBDCACC2174C7C5003FAD3D /* Release */,
			);
			defaultConfigurationIsVisible = 0;
			defaultConfigurationName = Release;
		};
		ACBDCACD2174C7C5003FAD3D /* Build configuration list for PBXNativeTarget "project 15.10" */ = {
			isa = XCConfigurationList;
			buildConfigurations = (
				ACBDCACE2174C7C5003FAD3D /* Debug */,
				ACBDCACF2174C7C5003FAD3D /* Release */,
			);
			defaultConfigurationIsVisible = 0;
			defaultConfigurationName = Release;
		};
		ACBDCAD02174C7C5003FAD3D /* Build configuration list for PBXNativeTarget "project 15.10Tests" */ = {
			isa = XCConfigurationList;
			buildConfigurations = (
				ACBDCAD12174C7C5003FAD3D /* Debug */,
				ACBDCAD22174C7C5003FAD3D /* Release */,
			);
			defaultConfigurationIsVisible = 0;
			defaultConfigurationName = Release;
		};
		ACBDCAD32174C7C5003FAD3D /* Build configuration list for PBXNativeTarget "project 15.10UITests" */ = {
			isa = XCConfigurationList;
			buildConfigurations = (
				ACBDCAD42174C7C5003FAD3D /* Debug */,
				ACBDCAD52174C7C5003FAD3D /* Release */,
			);
			defaultConfigurationIsVisible = 0;
			defaultConfigurationName = Release;
		};
/* End XCConfigurationList section */
	};
	rootObject = ACBDCA9D2174C7C3003FAD3D /* Project object */;
}
